{
  "requires": true,
  "lockfileVersion": 1,
  "dependencies": {
    "dotenvenc": {
      "version": "1.0.4",
      "resolved": "https://registry.npmjs.org/dotenvenc/-/dotenvenc-1.0.4.tgz",
      "integrity": "sha512-NXvOi41u0iFEnuEkKaLF70d/PIBAfrSEKPegOChdhHPgFROTwzdDecFsTY6D3PZvf3Rw26daiRp3aiK4+vNF1w==",
      "requires": {
        "md5-file": "3.1.1",
        "minimist": "^1.2.0"
      }
    },
    "md5-file": {
      "version": "3.1.1",
      "resolved": "https://registry.npmjs.org/md5-file/-/md5-file-3.1.1.tgz",
      "integrity": "sha1-2zySwJu9pcLeiD+lSQ3XEf3burk="
    },
    "minimist": {
      "version": "1.2.5",
      "resolved": "https://registry.npmjs.org/minimist/-/minimist-1.2.5.tgz",
      "integrity": "sha512-FM9nNUYrRBAELZQT3xeZQ7fmMOBg6nWNmJKTcgsJeaLstP/UODVpGsr5OhXhhXg6f+qtJ8uiZ+PUxkDWcgIXLw=="
    }
  }
}
