{
  "name": "@mentorpal/reports",
  "version": "1.0.0",
  "lockfileVersion": 1,
  "requires": true,
  "dependencies": {
    "arraybuffer-slice": {
      "version": "0.1.2",
      "resolved": "https://registry.npmjs.org/arraybuffer-slice/-/arraybuffer-slice-0.1.2.tgz",
      "integrity": "sha1-GVgsSw0bBz6rqHrwuKO+O5pgmPc="
    },
    "dotenv": {
      "version": "8.0.0",
      "resolved": "https://registry.npmjs.org/dotenv/-/dotenv-8.0.0.tgz",
      "integrity": "sha512-30xVGqjLjiUOArT4+M5q9sYdvuR4riM6yK9wMcas9Vbp6zZa+ocC9dp6QoftuhTPhFAiLK/0C5Ni2nou/Bk8lg=="
    },
    "js-polyfills": {
      "version": "0.1.22",
      "resolved": "https://registry.npmjs.org/js-polyfills/-/js-polyfills-0.1.22.tgz",
      "integrity": "sha1-6srhJgpGgt7SPk8atDL1Y5uyLxs="
    },
    "text-encoding": {
      "version": "0.6.0",
      "resolved": "https://registry.npmjs.org/text-encoding/-/text-encoding-0.6.0.tgz",
      "integrity": "sha1-e/1oHnF2DLEQJGYaxgR34qtONZo="
    },
    "tincanjs": {
      "version": "0.50.0",
      "resolved": "https://registry.npmjs.org/tincanjs/-/tincanjs-0.50.0.tgz",
      "integrity": "sha1-rnjtAYiyowvbpaAxOzj5AkaV9Ow=",
      "requires": {
        "arraybuffer-slice": "0.1.2",
        "js-polyfills": "0.1.22",
        "text-encoding": "0.6.0",
        "xhr2": "0.0.7"
      }
    },
    "xhr2": {
      "version": "0.0.7",
      "resolved": "https://registry.npmjs.org/xhr2/-/xhr2-0.0.7.tgz",
      "integrity": "sha1-/LYfcE6Aw6q+QkKVR5QHxgctJbM="
    }
  }
}
